
Microsoft Visual Studio Solution File, Format Version 12.00
# Visual Studio Version 16
VisualStudioVersion = 16.0.32228.343
MinimumVisualStudioVersion = 10.0.40219.1
Project("{159641D6-6404-4A2A-AE62-294DE0FE8301}") = "DW", "DW.dtproj", "{E559A317-F6BC-497E-A398-BA0D637942EE}"
EndProject
Global
	GlobalSection(SolutionConfigurationPlatforms) = preSolution
		Development|Default = Development|Default
	EndGlobalSection
	GlobalSection(ProjectConfigurationPlatforms) = postSolution
		{E559A317-F6BC-497E-A398-BA0D637942EE}.Development|Default.ActiveCfg = Development
		{E559A317-F6BC-497E-A398-BA0D637942EE}.Development|Default.Build.0 = Development
	EndGlobalSection
	GlobalSection(SolutionProperties) = preSolution
		HideSolutionNode = FALSE
	EndGlobalSection
	GlobalSection(ExtensibilityGlobals) = postSolution
		SolutionGuid = {45EA6CFC-14E2-4B86-84CE-01A056CC725A}
	EndGlobalSection
EndGlobal
